
Microsoft Visual Studio Solution File, Format Version 12.00
# Visual Studio Version 16
VisualStudioVersion = 16.0.31702.278
MinimumVisualStudioVersion = 10.0.40219.1
Project("{FAE04EC0-301F-11D3-BF4B-00C04F79EFBC}") = "W92MEN_SZTF1HF0011", "W92MEN_SZTF1HF0011\W92MEN_SZTF1HF0011.csproj", "{34E122DF-EDA1-4BAD-AA65-8496FFD1A42B}"
EndProject
Global
	GlobalSection(SolutionConfigurationPlatforms) = preSolution
		Debug|Any CPU = Debug|Any CPU
		Release|Any CPU = Release|Any CPU
	EndGlobalSection
	GlobalSection(ProjectConfigurationPlatforms) = postSolution
		{34E122DF-EDA1-4BAD-AA65-8496FFD1A42B}.Debug|Any CPU.ActiveCfg = Debug|Any CPU
		{34E122DF-EDA1-4BAD-AA65-8496FFD1A42B}.Debug|Any CPU.Build.0 = Debug|Any CPU
		{34E122DF-EDA1-4BAD-AA65-8496FFD1A42B}.Release|Any CPU.ActiveCfg = Release|Any CPU
		{34E122DF-EDA1-4BAD-AA65-8496FFD1A42B}.Release|Any CPU.Build.0 = Release|Any CPU
	EndGlobalSection
	GlobalSection(SolutionProperties) = preSolution
		HideSolutionNode = FALSE
	EndGlobalSection
	GlobalSection(ExtensibilityGlobals) = postSolution
		SolutionGuid = {5FFEF794-E7BE-45F8-AA6C-BBB287435F4E}
	EndGlobalSection
EndGlobal
